# This file is automatically @generated by Wally.
# It is not intended for manual editing.
registry = "test"

[[package]]
name = "evaera/promise"
version = "4.0.0"
dependencies = []

[[package]]
name = "freddylist/llama"
version = "1.1.1"
dependencies = []

[[package]]
name = "kampfkarren/roact-hooks"
version = "0.4.1"
dependencies = []

[[package]]
name = "luka/datastore-compass"
version = "0.1.0"
dependencies = [["Llama", "freddylist/llama@1.1.1"], ["Promise", "evaera/promise@4.0.0"], ["Roact", "roblox/roact@1.4.2"], ["RoactHooks", "kampfkarren/roact-hooks@0.4.1"], ["RoactRodux", "roblox/roact-rodux@0.3.0"], ["Rodux", "roblox/rodux@3.0.0"]]

[[package]]
name = "roblox/roact"
version = "1.4.2"
dependencies = []

[[package]]
name = "roblox/roact-rodux"
version = "0.3.0"
dependencies = [["Roact", "roblox/roact@1.4.2"], ["Rodux", "roblox/rodux@3.0.0"]]

[[package]]
name = "roblox/rodux"
version = "3.0.0"
dependencies = []
